
Microsoft Visual Studio Solution File, Format Version 12.00
# Visual Studio Version 17
VisualStudioVersion = 17.6.33829.357
MinimumVisualStudioVersion = 10.0.40219.1
Project("{FAE04EC0-301F-11D3-BF4B-00C04F79EFBC}") = "filippini.nicolò.4i.SlotMachine", "filippini.nicolò.4i.SlotMachine.csproj", "{40055AE0-90C5-45DA-935D-8CE0875C3C9B}"
EndProject
Global
	GlobalSection(SolutionConfigurationPlatforms) = preSolution
		Debug|Any CPU = Debug|Any CPU
		Release|Any CPU = Release|Any CPU
	EndGlobalSection
	GlobalSection(ProjectConfigurationPlatforms) = postSolution
		{40055AE0-90C5-45DA-935D-8CE0875C3C9B}.Debug|Any CPU.ActiveCfg = Debug|Any CPU
		{40055AE0-90C5-45DA-935D-8CE0875C3C9B}.Debug|Any CPU.Build.0 = Debug|Any CPU
		{40055AE0-90C5-45DA-935D-8CE0875C3C9B}.Release|Any CPU.ActiveCfg = Release|Any CPU
		{40055AE0-90C5-45DA-935D-8CE0875C3C9B}.Release|Any CPU.Build.0 = Release|Any CPU
	EndGlobalSection
	GlobalSection(SolutionProperties) = preSolution
		HideSolutionNode = FALSE
	EndGlobalSection
	GlobalSection(ExtensibilityGlobals) = postSolution
		SolutionGuid = {9539BF44-775F-4131-B1FE-7AE3A7E6FCE3}
	EndGlobalSection
EndGlobal
